{
  "authority": "asago-artifact-generator",
  "contract": "artifact-package",
  "digest_domain": "artifact-package-v3",
  "digest_domains": {
    "artifact-package-v3": "artifact-package-v3",
    "artifact-package-v4": "artifact-package-v4"
  },
  "package_schema_version": "artifact-package-v3",
  "package_schema_versions": [
    "artifact-package-v3",
    "artifact-package-v4"
  ],
  "files": {
    "artifact-package-v3/expected-violations.json": "9a0654be012d678e509bfaf8d0030edb5a4d2cb6caa7fd4cd21eac7f3c97d6ce",
    "artifact-package-v3/invalid/blank-package-id.json": "277206d89f22ef9051d55aeab46bd98ab7f819ae1ff71cb7c082a79c4cca6053",
    "artifact-package-v3/invalid/creation-model-not-object.json": "c4e4d328d7b2797d151345bbb3bc7805eb9e0a0a55b16423c51c99cb7ed7a455",
    "artifact-package-v3/invalid/detector-interface-field.json": "c8eb011f75a3f13b0507643fb9c393012f1e7fc4658b6cb6d4c0ded9e0a724a9",
    "artifact-package-v3/invalid/detector-member.json": "765a3df4071af3aece6c7fc75185644ce009da3d9156549f99ece095a15b463b",
    "artifact-package-v3/invalid/duplicate-member.json": "728628e30edffa99caf3c7722a44fa7236bf7e34726e1a6f3fede992a63bbbfa",
    "artifact-package-v3/invalid/empty-members.json": "28a7ff94cd0cb61fad82ce3cc3e3d1f8d120b9e125a43b1bb9e03edb96d42bce",
    "artifact-package-v3/invalid/empty-source-digests.json": "6336274d48057dafe16d53dc9038945c321478afb59a49bab816e828eceecfbc",
    "artifact-package-v3/invalid/handoff-v1-input-kind.json": "c3e64e48d80e1e70b8515bd36d02825b7aae7b1a40d1e90a9a3eecb71777cbd5",
    "artifact-package-v3/invalid/manifest-not-object.json": "cd8fb0ab4ba080dd8f671b790ebc39ea97bc5800c60ebf0de68de5739ab98325",
    "artifact-package-v3/invalid/member-length-mismatch.json": "46623e81303fe7cb317618a27e74c550dcec8e8d41cac9eedcc95d9c772a93dc",
    "artifact-package-v3/invalid/member-media-type-mismatch.json": "5825334df1a90d477d3bf4097864bf94f5524f3f54200039436627284bb9c022",
    "artifact-package-v3/invalid/member-path-backslash.json": "92161263cf32bc43b2965b9725805d5a2211415e6d94892a8b025b589d3b22c9",
    "artifact-package-v3/invalid/member-path-escapes.json": "e52cabebc7b95b857cbaf605762a92bf023261e55c8d6bf9b8f373732add71c4",
    "artifact-package-v3/invalid/member-path-non-canonical.json": "0b569deed8ef79c71c025d15c63e6cb3123305649e86d3cc28171eb8a0b3acf3",
    "artifact-package-v3/invalid/member-path-unexpected.json": "389e2659b7aab7cf1d1c5c459890715fbbfff4dd7e1d23bcddd97d7254e528c7",
    "artifact-package-v3/invalid/native-semantic-yaml-input-kind.json": "522f8dcbefc16fc6c6ad16538f6a2aab938db17254aaf0eb0187af9a789eb6aa",
    "artifact-package-v3/invalid/reference-task-input-kind.json": "995853874077a350081e4f428e3a096eeb76a9d29a880818290e5f2465db1d9b",
    "artifact-package-v3/invalid/schema-version-v1.json": "917d057ca48a3fea669c23ced7151b902a0d443cbf67abadf2cf5f0a0b9512af",
    "artifact-package-v3/invalid/schema-version-v2.json": "f6c016220ad90e461d60e83ce11c9ddbe208f1400175e947e7a1af689c28b7dc",
    "artifact-package-v3/invalid/secret-runtime-capability.json": "7f7e56d6af0d778ee133e351bcaaabbc0f41f860519686b4f39503744ca8d375",
    "artifact-package-v3/invalid/stale-manifest-digest.json": "16f20673a7a3e4f7dc16aed76354f1988e63c37489cd00aff8d776ff8b568dec",
    "artifact-package-v3/invalid/tampered-member.json": "adb50ef520174a7dd2a410f42ac3cdc89f10e714b1087f43fcb028b0e1e85bce",
    "artifact-package-v3/invalid/unknown-manifest-field.json": "9d975e16eb62db2a823a389c538b8982e9509ce771bde7c6f49d03bd85a841c8",
    "artifact-package-v3/invalid/unlisted-file.json": "e3c2920a5da8364ae32236e4d0fb4637390c50811795c8c0cc3045c99553dd6a",
    "artifact-package-v3/invalid/uppercase-source-digest.json": "492a88d981236003f79bc4d4bf4eb481c2633f89badb556de487781f66d8b836",
    "artifact-package-v3/invalid/v4-input-kind.json": "8a7bf76d419c88c3f05d61340b6c8b62a58dd4b762e3c23cc078f28eba3c5d31",
    "artifact-package-v3/schema.json": "af47372909554dbca706755ed3fc55bea7b164a4fe91ec74c526f0ca74859578",
    "artifact-package-v3/valid/minimal.json": "635744534416ef31428db313ff77416c17f8001d341a42f9834be84539651b0b",
    "artifact-package-v4/expected-violations.json": "c019870299a36c283e5c6f723abe4613dc192e000f15702e944df487529db367",
    "artifact-package-v4/invalid/blank-package-id.json": "293eca0b805ede5b9f4df9c0726260b17ce57bbe2f317f2178f7059bcc8e8ad1",
    "artifact-package-v4/invalid/creation-model-not-object.json": "e2ff0cffaa510ceb6d44b2c42b8a94adc64f7dc65945693191fdb54a2bc929b2",
    "artifact-package-v4/invalid/detector-interface-field.json": "bf3efc77935e1a9ae5d5be9aef2ba8e0c57d295a668a0006842cdd154396b946",
    "artifact-package-v4/invalid/detector-member.json": "f8e39cdb85ebfd17a57e4c1782cb7de59884fce69e00d76b1fe714a1c74675bf",
    "artifact-package-v4/invalid/duplicate-member.json": "914e18c52cc279bac25f1605bdd196d42735f22e05d1a8760d5e9359936a554e",
    "artifact-package-v4/invalid/empty-members.json": "d4bd41d7a48647bdcb46b859cf2b340ad272543cb2f44d2ac459186ae0a59175",
    "artifact-package-v4/invalid/empty-source-digests.json": "a8c355ea8bbf371679a1716483ae885673883f8fc3ebb6df6e137f1ddac0e015",
    "artifact-package-v4/invalid/handoff-v1-input-kind.json": "b5080b17ee1405625a63fc4d21ab707fbd2e814d8b26aa313732b2c9a05473ce",
    "artifact-package-v4/invalid/manifest-not-object.json": "cd8fb0ab4ba080dd8f671b790ebc39ea97bc5800c60ebf0de68de5739ab98325",
    "artifact-package-v4/invalid/member-length-mismatch.json": "82a7c40bbe1ec160a3df876aedf552ae5854060ed8e1bb47d5b45237277a32e9",
    "artifact-package-v4/invalid/member-media-type-mismatch.json": "36b3d53c6a746c40a127bc4b81416cd28ccc1796e80a0c8b2d098038db79879b",
    "artifact-package-v4/invalid/member-path-backslash.json": "3e1495eeab1ab6da4f4bbf26fa94709861d7f53a762dd4e0bb1c59a38dc7095f",
    "artifact-package-v4/invalid/member-path-escapes.json": "4c3dd7a7dc9ea919cd4d3456affd62a2ec1f6a3820235e1a9573a4ea0c1b3714",
    "artifact-package-v4/invalid/member-path-non-canonical.json": "03ffe473e36ae9ab7b3390927f442bd5c240d7ac8ee32960564255c498764085",
    "artifact-package-v4/invalid/member-path-unexpected.json": "cbfc3baf8a4fd590f8f0650dfef57b857713ed31f5a558d051baf575a185f4a6",
    "artifact-package-v4/invalid/native-semantic-yaml-input-kind.json": "12a044e2045e1f18280f6b9760e1c97da75b05e4a00cb9670f9fd26f0a753afe",
    "artifact-package-v4/invalid/reference-task-input-kind.json": "9bc327f84149ad21bdc09f6c05f6c419c91980f835cdace579726034c8ab46eb",
    "artifact-package-v4/invalid/schema-version-v1.json": "89602c44a0a2c781e8e4f95d2068217a2e30506a85532a2837c9d130c752c528",
    "artifact-package-v4/invalid/schema-version-v2.json": "d44d32939e5e8c55f8a768374c6a89b52c5bb6237bfe80dd6b3493aa0b3b787e",
    "artifact-package-v4/invalid/secret-runtime-capability.json": "2ecfecfe2da8a97ec408349c35217bd36fdef20b0225752ae1fbcb9e0bc48cc4",
    "artifact-package-v4/invalid/stale-manifest-digest.json": "0e63c019f0bd17712baa54edfcd1f8e965bd82bf01af6710790da4eaf718d280",
    "artifact-package-v4/invalid/tampered-member.json": "4197f1ee5fe49454e8562a8742a949d4441b2acc5c57452714f7bc125da767c1",
    "artifact-package-v4/invalid/unknown-manifest-field.json": "7b2bf647dbd02862bebed44860bdfe0c32f0aac3096f98cbbc13bb720e320cec",
    "artifact-package-v4/invalid/unlisted-file.json": "c7bb688f5d6f7a78b80243b614f1108ed869432b5a3ddb78ed266dc5fab26294",
    "artifact-package-v4/invalid/uppercase-source-digest.json": "f66a221d444e2cd592c92b2ace58015439d87b983ed64c4abe39d2dfda6a7f20",
    "artifact-package-v4/schema.json": "764105b44af931f49bcadb1219b5ce7a10bf51808701432a8269392105235b58",
    "artifact-package-v4/valid/from-handoff-v4.json": "01f0bf10b2838f5e4f345e4fec0b7db73b81b7fe48adef309f0e0f5f944fcf50",
    "artifact-package-v4/valid/minimal.json": "bcc9f85ee6f5b5856e28a561284e55ae80f8da0ab9cfe52d5f61a0660348a44f",
    "metadata-policy.json": "e147d4366b08c3ee967ba7cbd515185e5c846aaa7d4253ec54e89296bf6b9bd3"
  }
}
