{
  "repository": "asago-scenario-generator",
  "revision": "c9111a52af01fa356aafc5dd235f177c68f49cb0",
  "contract_lock_sha256": "073ab536ff5398c7e961a867de314a1432f89c61971c70c67efebd0eebed50e2",
  "source": "data/contracts/stpa-execution/CONTRACT.lock",
  "source_state": "committed",
  "content_lock_status": "pinned"
}
