{
  "repository": "asago-scenario-generator",
  "revision": "4d1d7bef846c659bf5777918e3bab07710e5865d",
  "contract_lock_sha256": "c9137d1052af498cc2a5dfb3c57a102cbd07542dbdb9ab9a66ca98740361fd0f",
  "source": "data/contracts/stpa-execution/CONTRACT.lock",
  "source_state": "commit",
  "content_lock_status": "frozen"
}
