{
  "repository": "asago-scenario-generator",
  "revision": "80c81f6f95eb2f23899ddc6b380a4a74bff0ddca",
  "contract_lock_sha256": "11ddbacaf932aeab131b3ea54f0dbcae6565d30cb81165f6f01aff636bb50dd6",
  "source": "data/contracts/stpa-execution/CONTRACT.lock",
  "source_state": "commit",
  "content_lock_status": "frozen"
}
