{
  "repository": "asago-scenario-generator",
  "revision": "5523a09b49584b1074e5748a66b7ef85cd528e10",
  "contract_lock_sha256": "c009fcf267d19297d4e8727fee907100195cfae8d90aaeb3e9f4433cbe91e8d4",
  "source": "data/contracts/scenario-handoff/CONTRACT.lock",
  "source_state": "committed",
  "content_lock_status": "pinned"
}
