{
  "repository": "asago-scenario-generator",
  "revision": "1d78337b388aaed835a6d489f23b9246ac90f24a",
  "contract_lock_sha256": "df8550c030a6a49c3e2aff4f8d10167011d2b396c0ab565938d12fe8c903b1e9",
  "source": "data/contracts/scenario-handoff/CONTRACT.lock",
  "source_state": "committed",
  "content_lock_status": "pinned"
}
