{
  "authority": "asago-orch",
  "contract": "runtime-context",
  "schema_version": "runtime-context-v1",
  "files": {
    "runtime-context-v1/expected-violations.json": "9995e50beb5b026e5d434ae0922178c27eed21dfdf0eb4ad6e0176e674ccd380",
    "runtime-context-v1/invalid/diagnostics-not-a-list.json": "614601c5be7ab65756e5b5b06dc5673f5ed6030c0d054b253e8a35fd25686c6a",
    "runtime-context-v1/invalid/input-not-object.json": "0ccca16dba08f38168536cf8681ab41b5e41dd85aca980f5595b603464eaecea",
    "runtime-context-v1/invalid/missing-profile-digest.json": "11ab379bb7ae0791b9641f89775cacf0bf486730f943b93556ca5ff51e7f9dd2",
    "runtime-context-v1/invalid/missing-state.json": "f5cced1eade067ddfd0fd3dbc9edd5fab08e0b7192175575ee2cb913a9524825",
    "runtime-context-v1/invalid/null-profile-digest.json": "5ac38b6c01346fe73bf1b36b3f59db2ff5a45de92ab3faa661da983c094d5a50",
    "runtime-context-v1/invalid/read-arguments-non-string.json": "b77540a63407237fc067454766cbae8155ed75ac44e146e28f37de2193270f5c",
    "runtime-context-v1/invalid/read-arguments-not-object.json": "bf47ff7ee3bef9a3bc22676070edd3b505e182ca4b88240cc078e11faedebc7f",
    "runtime-context-v1/invalid/read-blank-tool-name.json": "ff80423c2bb32ba71c116d990a0c60a81c04d86f108c7e09a29ac3391791cfce",
    "runtime-context-v1/invalid/read-missing-profile-digest.json": "c0ca3c24e971fb3d9806c3628a0efc0da02de6e506e1fb606c88017e3f93aa98",
    "runtime-context-v1/invalid/read-missing-result.json": "d647e85646b7ed63379f0f254048692baef24cf80666b3567152996745229d6b",
    "runtime-context-v1/invalid/read-missing-tool-name.json": "9f196d231c0b865d7dbc62d100e2d5f00d8257da3bd54d66ab6c9918c4106f87",
    "runtime-context-v1/invalid/read-not-object.json": "2f6b26ca5f7dd1abbe8446a35b572c484d684a5214143dded7f3595ed35ad543",
    "runtime-context-v1/invalid/read-result-error.json": "597b211c075a32076bd261d6bf5e0b97e42f84b28f89121654acd230c482a9ab",
    "runtime-context-v1/invalid/read-result-not-object.json": "5f18805dd505fedc713aa0f2ab0d9266ac52406d166dea3735ec4cbefa9bcda7",
    "runtime-context-v1/invalid/read-status-missing.json": "249b04d576350fcc83f6988b3fcef1bd4d9078d934f26ea593b84e9025567791",
    "runtime-context-v1/invalid/read-status-trusted.json": "aec37f18c7bf236809bf87790bb0059b00c78d5bf2e649a3f5ec78c0c108946c",
    "runtime-context-v1/invalid/read-status-unverified.json": "fdc1f451b55ead8f01fd310292ffa2c38deb3317e19ba91e4f9aca9b74553550",
    "runtime-context-v1/invalid/reads-not-a-list.json": "292210e896c1b1d62384a894f67021b3550a59fe5802df3d6e4ea23137e6bd1d",
    "runtime-context-v1/invalid/sixteen-reads.json": "3ba470a24873c4ce74983345bf00fef0f4f4c630e209e96b7af6f583eefe2ce3",
    "runtime-context-v1/invalid/state-not-object.json": "3f50799751525095bd0cf2cace6ef846ae8e7663c9bccbef345283836191c160",
    "runtime-context-v1/invalid/unknown-top-level-key.json": "7e2823791fef20633e6448b31029fec74c6423548a8ddc6c852b9aa264709c29",
    "runtime-context-v1/invalid/uppercase-profile-digest.json": "07deb0ca1cf583799d27988728c6797ab1504e50d6f46b4034d40f4dedd9c5bb",
    "runtime-context-v1/valid/empty-reads-with-diagnostics.json": "e4ef8943f414f2642a0d8e6b067b7d6ba13cbe7b0d402c1db17f62c7276905d3",
    "runtime-context-v1/valid/minimal.json": "ad02bee715293f7c6c71a98f975bf8b67e8b001f03e6a28b664cad9f3a3d6453",
    "runtime-context-v1/valid/null-read-arguments-and-bookkeeping.json": "9efaf44daf76c0c98a6f805928f174cc42dd1f79fe55d036ddde782e58c25485",
    "runtime-context-v1/valid/null-reads.json": "52a134c6955e03a19bec06b571c504a2f02047685567d8e8a118eefaad510c24",
    "runtime-context-v1/valid/reads-without-bookkeeping.json": "a303ccc5142cfd57df4db30e5f983a7e3d9113f9098ffb5465aee00b3f328968",
    "runtime-context-v1/valid/writer-complete.json": "fccaf97e152d9f65a482fe49868fcef591151dde03c4e84f1cc0de025ae8c981",
    "runtime-context-v1.schema.json": "f772a0c152985e97a75617b27bfe7918500b419390f2ae54fd07218a1f401c23"
  }
}
